
Microsoft Visual Studio Solution File, Format Version 12.00
# Visual Studio Version 17
VisualStudioVersion = 17.0.31612.314
MinimumVisualStudioVersion = 10.0.40219.1
Project("{9A19103F-16F7-4668-BE54-9A1E7A4F7556}") = "DYLHS5_HFT_2021221.Client", "DYLHS5_HFT_2021221.Client\DYLHS5_HFT_2021221.Client.csproj", "{64C004C5-726C-4654-8373-6818FEBD2FA8}"
EndProject
Project("{9A19103F-16F7-4668-BE54-9A1E7A4F7556}") = "DYLHS5_HFT_2021221.Models", "DYLHS5_HFT_2021221.Models\DYLHS5_HFT_2021221.Models.csproj", "{58F5A601-CCA4-4B12-9F67-3E9D46F27CC9}"
EndProject
Project("{9A19103F-16F7-4668-BE54-9A1E7A4F7556}") = "DYLHS5_HFT_2021221.Data", "DYLHS5_HFT_2021221.Data\DYLHS5_HFT_2021221.Data.csproj", "{FE688DB0-7350-41B6-9123-7E93A3D9AD03}"
EndProject
Project("{9A19103F-16F7-4668-BE54-9A1E7A4F7556}") = "DYLHS5_HFT_2021221.Repository", "DYLHS5_HFT_2021221.Repository\DYLHS5_HFT_2021221.Repository.csproj", "{ED1E64E8-B6EB-4C6C-B9F5-8E2717DA8FEE}"
EndProject
Project("{9A19103F-16F7-4668-BE54-9A1E7A4F7556}") = "DYLHS5_HFT_2021221.Logic", "DYLHS5_HFT_2021221.Logic\DYLHS5_HFT_2021221.Logic.csproj", "{9EE31488-5CE5-4340-BE73-312F903FDB28}"
EndProject
Project("{FAE04EC0-301F-11D3-BF4B-00C04F79EFBC}") = "DYLHS5_HFT_2021221.Endpoint", "DYLHS5_HFT_2021221.Endpoint\DYLHS5_HFT_2021221.Endpoint.csproj", "{59EE4CD1-7582-43FB-B20C-8EF9C5BAD4EE}"
EndProject
Project("{FAE04EC0-301F-11D3-BF4B-00C04F79EFBC}") = "DYLHS5_HFT_2021221.Test", "DYLHS5_HFT_2021221.Test\DYLHS5_HFT_2021221.Test.csproj", "{3A7D96C0-153C-4CA7-82B3-270A0C5CF192}"
EndProject
Project("{2150E333-8FDC-42A3-9474-1A3956D46DE8}") = "Backend", "Backend", "{52A42B7F-3A0D-4572-8AB9-63CCE3FCC59E}"
EndProject
Project("{2150E333-8FDC-42A3-9474-1A3956D46DE8}") = "Frontend", "Frontend", "{F0DBDD56-9C8F-4830-A295-5D5A4BB281FD}"
EndProject
Project("{2150E333-8FDC-42A3-9474-1A3956D46DE8}") = "Shared", "Shared", "{F55EEE51-19D7-4410-85EE-0FE67597C673}"
EndProject
Project("{2150E333-8FDC-42A3-9474-1A3956D46DE8}") = "Others", "Others", "{375A9CEB-936D-4BB7-8F20-4B056AB79022}"
	ProjectSection(SolutionItems) = preProject
		.gitignore = .gitignore
	EndProjectSection
EndProject
Global
	GlobalSection(SolutionConfigurationPlatforms) = preSolution
		Debug|Any CPU = Debug|Any CPU
		Release|Any CPU = Release|Any CPU
	EndGlobalSection
	GlobalSection(ProjectConfigurationPlatforms) = postSolution
		{64C004C5-726C-4654-8373-6818FEBD2FA8}.Debug|Any CPU.ActiveCfg = Debug|Any CPU
		{64C004C5-726C-4654-8373-6818FEBD2FA8}.Debug|Any CPU.Build.0 = Debug|Any CPU
		{64C004C5-726C-4654-8373-6818FEBD2FA8}.Release|Any CPU.ActiveCfg = Release|Any CPU
		{64C004C5-726C-4654-8373-6818FEBD2FA8}.Release|Any CPU.Build.0 = Release|Any CPU
		{58F5A601-CCA4-4B12-9F67-3E9D46F27CC9}.Debug|Any CPU.ActiveCfg = Debug|Any CPU
		{58F5A601-CCA4-4B12-9F67-3E9D46F27CC9}.Debug|Any CPU.Build.0 = Debug|Any CPU
		{58F5A601-CCA4-4B12-9F67-3E9D46F27CC9}.Release|Any CPU.ActiveCfg = Release|Any CPU
		{58F5A601-CCA4-4B12-9F67-3E9D46F27CC9}.Release|Any CPU.Build.0 = Release|Any CPU
		{FE688DB0-7350-41B6-9123-7E93A3D9AD03}.Debug|Any CPU.ActiveCfg = Debug|Any CPU
		{FE688DB0-7350-41B6-9123-7E93A3D9AD03}.Debug|Any CPU.Build.0 = Debug|Any CPU
		{FE688DB0-7350-41B6-9123-7E93A3D9AD03}.Release|Any CPU.ActiveCfg = Release|Any CPU
		{FE688DB0-7350-41B6-9123-7E93A3D9AD03}.Release|Any CPU.Build.0 = Release|Any CPU
		{ED1E64E8-B6EB-4C6C-B9F5-8E2717DA8FEE}.Debug|Any CPU.ActiveCfg = Debug|Any CPU
		{ED1E64E8-B6EB-4C6C-B9F5-8E2717DA8FEE}.Debug|Any CPU.Build.0 = Debug|Any CPU
		{ED1E64E8-B6EB-4C6C-B9F5-8E2717DA8FEE}.Release|Any CPU.ActiveCfg = Release|Any CPU
		{ED1E64E8-B6EB-4C6C-B9F5-8E2717DA8FEE}.Release|Any CPU.Build.0 = Release|Any CPU
		{9EE31488-5CE5-4340-BE73-312F903FDB28}.Debug|Any CPU.ActiveCfg = Debug|Any CPU
		{9EE31488-5CE5-4340-BE73-312F903FDB28}.Debug|Any CPU.Build.0 = Debug|Any CPU
		{9EE31488-5CE5-4340-BE73-312F903FDB28}.Release|Any CPU.ActiveCfg = Release|Any CPU
		{9EE31488-5CE5-4340-BE73-312F903FDB28}.Release|Any CPU.Build.0 = Release|Any CPU
		{59EE4CD1-7582-43FB-B20C-8EF9C5BAD4EE}.Debug|Any CPU.ActiveCfg = Debug|Any CPU
		{59EE4CD1-7582-43FB-B20C-8EF9C5BAD4EE}.Debug|Any CPU.Build.0 = Debug|Any CPU
		{59EE4CD1-7582-43FB-B20C-8EF9C5BAD4EE}.Release|Any CPU.ActiveCfg = Release|Any CPU
		{59EE4CD1-7582-43FB-B20C-8EF9C5BAD4EE}.Release|Any CPU.Build.0 = Release|Any CPU
		{3A7D96C0-153C-4CA7-82B3-270A0C5CF192}.Debug|Any CPU.ActiveCfg = Debug|Any CPU
		{3A7D96C0-153C-4CA7-82B3-270A0C5CF192}.Debug|Any CPU.Build.0 = Debug|Any CPU
		{3A7D96C0-153C-4CA7-82B3-270A0C5CF192}.Release|Any CPU.ActiveCfg = Release|Any CPU
		{3A7D96C0-153C-4CA7-82B3-270A0C5CF192}.Release|Any CPU.Build.0 = Release|Any CPU
	EndGlobalSection
	GlobalSection(SolutionProperties) = preSolution
		HideSolutionNode = FALSE
	EndGlobalSection
	GlobalSection(NestedProjects) = preSolution
		{64C004C5-726C-4654-8373-6818FEBD2FA8} = {F0DBDD56-9C8F-4830-A295-5D5A4BB281FD}
		{58F5A601-CCA4-4B12-9F67-3E9D46F27CC9} = {F55EEE51-19D7-4410-85EE-0FE67597C673}
		{FE688DB0-7350-41B6-9123-7E93A3D9AD03} = {52A42B7F-3A0D-4572-8AB9-63CCE3FCC59E}
		{ED1E64E8-B6EB-4C6C-B9F5-8E2717DA8FEE} = {52A42B7F-3A0D-4572-8AB9-63CCE3FCC59E}
		{9EE31488-5CE5-4340-BE73-312F903FDB28} = {52A42B7F-3A0D-4572-8AB9-63CCE3FCC59E}
		{59EE4CD1-7582-43FB-B20C-8EF9C5BAD4EE} = {52A42B7F-3A0D-4572-8AB9-63CCE3FCC59E}
		{3A7D96C0-153C-4CA7-82B3-270A0C5CF192} = {52A42B7F-3A0D-4572-8AB9-63CCE3FCC59E}
	EndGlobalSection
	GlobalSection(ExtensibilityGlobals) = postSolution
		SolutionGuid = {9FCC56CF-54DD-4A96-AC7F-27696565F8D7}
	EndGlobalSection
EndGlobal
